
Microsoft Visual Studio Solution File, Format Version 12.00
# Visual Studio 2012
Project("{FAE04EC0-301F-11D3-BF4B-00C04F79EFBC}") = "InterfaceGetter", "InterfaceGetter\InterfaceGetter.csproj", "{3763691C-B3CB-433B-BF84-5938B19ADAE0}"
EndProject
Project("{FAE04EC0-301F-11D3-BF4B-00C04F79EFBC}") = "Repository", "Repository\Repository.csproj", "{96B4B68E-D04F-44F5-88DC-8EF2CAAEE7F6}"
EndProject
Global
	GlobalSection(SolutionConfigurationPlatforms) = preSolution
		Debug|Any CPU = Debug|Any CPU
		Release|Any CPU = Release|Any CPU
	EndGlobalSection
	GlobalSection(ProjectConfigurationPlatforms) = postSolution
		{3763691C-B3CB-433B-BF84-5938B19ADAE0}.Debug|Any CPU.ActiveCfg = Debug|Any CPU
		{3763691C-B3CB-433B-BF84-5938B19ADAE0}.Debug|Any CPU.Build.0 = Debug|Any CPU
		{3763691C-B3CB-433B-BF84-5938B19ADAE0}.Release|Any CPU.ActiveCfg = Release|Any CPU
		{3763691C-B3CB-433B-BF84-5938B19ADAE0}.Release|Any CPU.Build.0 = Release|Any CPU
		{96B4B68E-D04F-44F5-88DC-8EF2CAAEE7F6}.Debug|Any CPU.ActiveCfg = Debug|Any CPU
		{96B4B68E-D04F-44F5-88DC-8EF2CAAEE7F6}.Debug|Any CPU.Build.0 = Debug|Any CPU
		{96B4B68E-D04F-44F5-88DC-8EF2CAAEE7F6}.Release|Any CPU.ActiveCfg = Release|Any CPU
		{96B4B68E-D04F-44F5-88DC-8EF2CAAEE7F6}.Release|Any CPU.Build.0 = Release|Any CPU
	EndGlobalSection
	GlobalSection(SolutionProperties) = preSolution
		HideSolutionNode = FALSE
	EndGlobalSection
EndGlobal
